// !$*UTF8*$!
{
	archiveVersion = 1;
	classes = {
	};
	objectVersion = 56;
	objects = {

/* Begin PBXBuildFile section */
		C62229EB2B8BEDF20025AC99 /* SDWebImage in Frameworks */ = {isa = PBXBuildFile; productRef = C62229EA2B8BEDF20025AC99 /* SDWebImage */; };
		C62229ED2B8BEDF20025AC99 /* SDWebImageMapKit in Frameworks */ = {isa = PBXBuildFile; productRef = C62229EC2B8BEDF20025AC99 /* SDWebImageMapKit */; };
		C698DB452B8A564700F427ED /* AppDelegate.swift in Sources */ = {isa = PBXBuildFile; fileRef = C698DB442B8A564700F427ED /* AppDelegate.swift */; };
		C698DB472B8A564700F427ED /* SceneDelegate.swift in Sources */ = {isa = PBXBuildFile; fileRef = C698DB462B8A564700F427ED /* SceneDelegate.swift */; };
		C698DB492B8A564700F427ED /* PostListVC.swift in Sources */ = {isa = PBXBuildFile; fileRef = C698DB482B8A564700F427ED /* PostListVC.swift */; };
		C698DB4C2B8A564700F427ED /* Main.storyboard in Resources */ = {isa = PBXBuildFile; fileRef = C698DB4A2B8A564700F427ED /* Main.storyboard */; };
		C698DB4E2B8A564800F427ED /* Assets.xcassets in Resources */ = {isa = PBXBuildFile; fileRef = C698DB4D2B8A564800F427ED /* Assets.xcassets */; };
		C698DB512B8A564800F427ED /* LaunchScreen.storyboard in Resources */ = {isa = PBXBuildFile; fileRef = C698DB4F2B8A564800F427ED /* LaunchScreen.storyboard */; };
		C698DB5E2B8A57FC00F427ED /* PostDetailsVC.swift in Sources */ = {isa = PBXBuildFile; fileRef = C698DB5D2B8A57FC00F427ED /* PostDetailsVC.swift */; };
		C698DB642B8A5A5200F427ED /* PostViewCell.swift in Sources */ = {isa = PBXBuildFile; fileRef = C698DB622B8A5A5200F427ED /* PostViewCell.swift */; };
		C698DB652B8A5A5200F427ED /* PostViewCell.xib in Resources */ = {isa = PBXBuildFile; fileRef = C698DB632B8A5A5200F427ED /* PostViewCell.xib */; };
		C6B8846F2B8E7042003875B9 /* UserDefaults.swift in Sources */ = {isa = PBXBuildFile; fileRef = C6B8846E2B8E7042003875B9 /* UserDefaults.swift */; };
		C6EC9D6D2B8BB6E800A11DD5 /* APIManager.swift in Sources */ = {isa = PBXBuildFile; fileRef = C6EC9D6C2B8BB6E800A11DD5 /* APIManager.swift */; };
/* End PBXBuildFile section */

/* Begin PBXFileReference section */
		C698DB412B8A564700F427ED /* Lab3_PostListViewer.app */ = {isa = PBXFileReference; explicitFileType = wrapper.application; includeInIndex = 0; path = Lab3_PostListViewer.app; sourceTree = BUILT_PRODUCTS_DIR; };
		C698DB442B8A564700F427ED /* AppDelegate.swift */ = {isa = PBXFileReference; lastKnownFileType = sourcecode.swift; path = AppDelegate.swift; sourceTree = "<group>"; };
		C698DB462B8A564700F427ED /* SceneDelegate.swift */ = {isa = PBXFileReference; lastKnownFileType = sourcecode.swift; path = SceneDelegate.swift; sourceTree = "<group>"; };
		C698DB482B8A564700F427ED /* PostListVC.swift */ = {isa = PBXFileReference; lastKnownFileType = sourcecode.swift; path = PostListVC.swift; sourceTree = "<group>"; };
		C698DB4B2B8A564700F427ED /* Base */ = {isa = PBXFileReference; lastKnownFileType = file.storyboard; name = Base; path = Base.lproj/Main.storyboard; sourceTree = "<group>"; };
		C698DB4D2B8A564800F427ED /* Assets.xcassets */ = {isa = PBXFileReference; lastKnownFileType = folder.assetcatalog; path = Assets.xcassets; sourceTree = "<group>"; };
		C698DB502B8A564800F427ED /* Base */ = {isa = PBXFileReference; lastKnownFileType = file.storyboard; name = Base; path = Base.lproj/LaunchScreen.storyboard; sourceTree = "<group>"; };
		C698DB522B8A564800F427ED /* Info.plist */ = {isa = PBXFileReference; lastKnownFileType = text.plist.xml; path = Info.plist; sourceTree = "<group>"; };
		C698DB5D2B8A57FC00F427ED /* PostDetailsVC.swift */ = {isa = PBXFileReference; lastKnownFileType = sourcecode.swift; path = PostDetailsVC.swift; sourceTree = "<group>"; };
		C698DB622B8A5A5200F427ED /* PostViewCell.swift */ = {isa = PBXFileReference; lastKnownFileType = sourcecode.swift; path = PostViewCell.swift; sourceTree = "<group>"; };
		C698DB632B8A5A5200F427ED /* PostViewCell.xib */ = {isa = PBXFileReference; lastKnownFileType = file.xib; path = PostViewCell.xib; sourceTree = "<group>"; };
		C6B8846E2B8E7042003875B9 /* UserDefaults.swift */ = {isa = PBXFileReference; lastKnownFileType = sourcecode.swift; path = UserDefaults.swift; sourceTree = "<group>"; };
		C6EC9D6C2B8BB6E800A11DD5 /* APIManager.swift */ = {isa = PBXFileReference; lastKnownFileType = sourcecode.swift; path = APIManager.swift; sourceTree = "<group>"; };
/* End PBXFileReference section */

/* Begin PBXFrameworksBuildPhase section */
		C698DB3E2B8A564700F427ED /* Frameworks */ = {
			isa = PBXFrameworksBuildPhase;
			buildActionMask = 2147483647;
			files = (
				C62229ED2B8BEDF20025AC99 /* SDWebImageMapKit in Frameworks */,
				C62229EB2B8BEDF20025AC99 /* SDWebImage in Frameworks */,
			);
			runOnlyForDeploymentPostprocessing = 0;
		};
/* End PBXFrameworksBuildPhase section */

/* Begin PBXGroup section */
		C698DB382B8A564700F427ED = {
			isa = PBXGroup;
			children = (
				C698DB432B8A564700F427ED /* Lab3_PostListViewer */,
				C698DB422B8A564700F427ED /* Products */,
			);
			sourceTree = "<group>";
		};
		C698DB422B8A564700F427ED /* Products */ = {
			isa = PBXGroup;
			children = (
				C698DB412B8A564700F427ED /* Lab3_PostListViewer.app */,
			);
			name = Products;
			sourceTree = "<group>";
		};
		C698DB432B8A564700F427ED /* Lab3_PostListViewer */ = {
			isa = PBXGroup;
			children = (
				C6B8846D2B8E7023003875B9 /* Utilities */,
				C698DB612B8A58BA00F427ED /* PostCell */,
				C698DB602B8A58A800F427ED /* PostDetails */,
				C698DB5F2B8A589600F427ED /* PostList */,
				C698DB442B8A564700F427ED /* AppDelegate.swift */,
				C698DB462B8A564700F427ED /* SceneDelegate.swift */,
				C698DB4D2B8A564800F427ED /* Assets.xcassets */,
				C698DB4F2B8A564800F427ED /* LaunchScreen.storyboard */,
				C698DB522B8A564800F427ED /* Info.plist */,
			);
			path = Lab3_PostListViewer;
			sourceTree = "<group>";
		};
		C698DB5F2B8A589600F427ED /* PostList */ = {
			isa = PBXGroup;
			children = (
				C698DB4A2B8A564700F427ED /* Main.storyboard */,
				C698DB482B8A564700F427ED /* PostListVC.swift */,
			);
			path = PostList;
			sourceTree = "<group>";
		};
		C698DB602B8A58A800F427ED /* PostDetails */ = {
			isa = PBXGroup;
			children = (
				C698DB5D2B8A57FC00F427ED /* PostDetailsVC.swift */,
			);
			path = PostDetails;
			sourceTree = "<group>";
		};
		C698DB612B8A58BA00F427ED /* PostCell */ = {
			isa = PBXGroup;
			children = (
				C698DB622B8A5A5200F427ED /* PostViewCell.swift */,
				C698DB632B8A5A5200F427ED /* PostViewCell.xib */,
			);
			path = PostCell;
			sourceTree = "<group>";
		};
		C6B8846D2B8E7023003875B9 /* Utilities */ = {
			isa = PBXGroup;
			children = (
				C6EC9D6C2B8BB6E800A11DD5 /* APIManager.swift */,
				C6B8846E2B8E7042003875B9 /* UserDefaults.swift */,
			);
			path = Utilities;
			sourceTree = "<group>";
		};
/* End PBXGroup section */

/* Begin PBXNativeTarget section */
		C698DB402B8A564700F427ED /* Lab3_PostListViewer */ = {
			isa = PBXNativeTarget;
			buildConfigurationList = C698DB552B8A564800F427ED /* Build configuration list for PBXNativeTarget "Lab3_PostListViewer" */;
			buildPhases = (
				C698DB3D2B8A564700F427ED /* Sources */,
				C698DB3E2B8A564700F427ED /* Frameworks */,
				C698DB3F2B8A564700F427ED /* Resources */,
			);
			buildRules = (
			);
			dependencies = (
			);
			name = Lab3_PostListViewer;
			packageProductDependencies = (
				C62229EA2B8BEDF20025AC99 /* SDWebImage */,
				C62229EC2B8BEDF20025AC99 /* SDWebImageMapKit */,
			);
			productName = Lab3_PostListViewer;
			productReference = C698DB412B8A564700F427ED /* Lab3_PostListViewer.app */;
			productType = "com.apple.product-type.application";
		};
/* End PBXNativeTarget section */

/* Begin PBXProject section */
		C698DB392B8A564700F427ED /* Project object */ = {
			isa = PBXProject;
			attributes = {
				BuildIndependentTargetsInParallel = 1;
				KnownAssetTags = (
					New,
				);
				LastSwiftUpdateCheck = 1520;
				LastUpgradeCheck = 1520;
				TargetAttributes = {
					C698DB402B8A564700F427ED = {
						CreatedOnToolsVersion = 15.2;
					};
				};
			};
			buildConfigurationList = C698DB3C2B8A564700F427ED /* Build configuration list for PBXProject "Lab3_PostListViewer" */;
			compatibilityVersion = "Xcode 14.0";
			developmentRegion = en;
			hasScannedForEncodings = 0;
			knownRegions = (
				en,
				Base,
			);
			mainGroup = C698DB382B8A564700F427ED;
			packageReferences = (
				C62229E92B8BEDF20025AC99 /* XCRemoteSwiftPackageReference "SDWebImage" */,
			);
			productRefGroup = C698DB422B8A564700F427ED /* Products */;
			projectDirPath = "";
			projectRoot = "";
			targets = (
				C698DB402B8A564700F427ED /* Lab3_PostListViewer */,
			);
		};
/* End PBXProject section */

/* Begin PBXResourcesBuildPhase section */
		C698DB3F2B8A564700F427ED /* Resources */ = {
			isa = PBXResourcesBuildPhase;
			buildActionMask = 2147483647;
			files = (
				C698DB512B8A564800F427ED /* LaunchScreen.storyboard in Resources */,
				C698DB4E2B8A564800F427ED /* Assets.xcassets in Resources */,
				C698DB652B8A5A5200F427ED /* PostViewCell.xib in Resources */,
				C698DB4C2B8A564700F427ED /* Main.storyboard in Resources */,
			);
			runOnlyForDeploymentPostprocessing = 0;
		};
/* End PBXResourcesBuildPhase section */

/* Begin PBXSourcesBuildPhase section */
		C698DB3D2B8A564700F427ED /* Sources */ = {
			isa = PBXSourcesBuildPhase;
			buildActionMask = 2147483647;
			files = (
				C6EC9D6D2B8BB6E800A11DD5 /* APIManager.swift in Sources */,
				C698DB492B8A564700F427ED /* PostListVC.swift in Sources */,
				C698DB452B8A564700F427ED /* AppDelegate.swift in Sources */,
				C6B8846F2B8E7042003875B9 /* UserDefaults.swift in Sources */,
				C698DB5E2B8A57FC00F427ED /* PostDetailsVC.swift in Sources */,
				C698DB472B8A564700F427ED /* SceneDelegate.swift in Sources */,
				C698DB642B8A5A5200F427ED /* PostViewCell.swift in Sources */,
			);
			runOnlyForDeploymentPostprocessing = 0;
		};
/* End PBXSourcesBuildPhase section */

/* Begin PBXVariantGroup section */
		C698DB4A2B8A564700F427ED /* Main.storyboard */ = {
			isa = PBXVariantGroup;
			children = (
				C698DB4B2B8A564700F427ED /* Base */,
			);
			name = Main.storyboard;
			sourceTree = "<group>";
		};
		C698DB4F2B8A564800F427ED /* LaunchScreen.storyboard */ = {
			isa = PBXVariantGroup;
			children = (
				C698DB502B8A564800F427ED /* Base */,
			);
			name = LaunchScreen.storyboard;
			sourceTree = "<group>";
		};
/* End PBXVariantGroup section */

/* Begin XCBuildConfiguration section */
		C698DB532B8A564800F427ED /* Debug */ = {
			isa = XCBuildConfiguration;
			buildSettings = {
				ALWAYS_SEARCH_USER_PATHS = NO;
				ASSETCATALOG_COMPILER_GENERATE_SWIFT_ASSET_SYMBOL_EXTENSIONS = YES;
				CLANG_ANALYZER_NONNULL = YES;
				CLANG_ANALYZER_NUMBER_OBJECT_CONVERSION = YES_AGGRESSIVE;
				CLANG_CXX_LANGUAGE_STANDARD = "gnu++20";
				CLANG_ENABLE_MODULES = YES;
				CLANG_ENABLE_OBJC_ARC = YES;
				CLANG_ENABLE_OBJC_WEAK = YES;
				CLANG_WARN_BLOCK_CAPTURE_AUTORELEASING = YES;
				CLANG_WARN_BOOL_CONVERSION = YES;
				CLANG_WARN_COMMA = YES;
				CLANG_WARN_CONSTANT_CONVERSION = YES;
				CLANG_WARN_DEPRECATED_OBJC_IMPLEMENTATIONS = YES;
				CLANG_WARN_DIRECT_OBJC_ISA_USAGE = YES_ERROR;
				CLANG_WARN_DOCUMENTATION_COMMENTS = YES;
				CLANG_WARN_EMPTY_BODY = YES;
				CLANG_WARN_ENUM_CONVERSION = YES;
				CLANG_WARN_INFINITE_RECURSION = YES;
				CLANG_WARN_INT_CONVERSION = YES;
				CLANG_WARN_NON_LITERAL_NULL_CONVERSION = YES;
				CLANG_WARN_OBJC_IMPLICIT_RETAIN_SELF = YES;
				CLANG_WARN_OBJC_LITERAL_CONVERSION = YES;
				CLANG_WARN_OBJC_ROOT_CLASS = YES_ERROR;
				CLANG_WARN_QUOTED_INCLUDE_IN_FRAMEWORK_HEADER = YES;
				CLANG_WARN_RANGE_LOOP_ANALYSIS = YES;
				CLANG_WARN_STRICT_PROTOTYPES = YES;
				CLANG_WARN_SUSPICIOUS_MOVE = YES;
				CLANG_WARN_UNGUARDED_AVAILABILITY = YES_AGGRESSIVE;
				CLANG_WARN_UNREACHABLE_CODE = YES;
				CLANG_WARN__DUPLICATE_METHOD_MATCH = YES;
				COPY_PHASE_STRIP = NO;
				DEBUG_INFORMATION_FORMAT = dwarf;
				ENABLE_STRICT_OBJC_MSGSEND = YES;
				ENABLE_TESTABILITY = YES;
				ENABLE_USER_SCRIPT_SANDBOXING = YES;
				GCC_C_LANGUAGE_STANDARD = gnu17;
				GCC_DYNAMIC_NO_PIC = NO;
				GCC_NO_COMMON_BLOCKS = YES;
				GCC_OPTIMIZATION_LEVEL = 0;
				GCC_PREPROCESSOR_DEFINITIONS = (
					"DEBUG=1",
					"$(inherited)",
				);
				GCC_WARN_64_TO_32_BIT_CONVERSION = YES;
				GCC_WARN_ABOUT_RETURN_TYPE = YES_ERROR;
				GCC_WARN_UNDECLARED_SELECTOR = YES;
				GCC_WARN_UNINITIALIZED_AUTOS = YES_AGGRESSIVE;
				GCC_WARN_UNUSED_FUNCTION = YES;
				GCC_WARN_UNUSED_VARIABLE = YES;
				IPHONEOS_DEPLOYMENT_TARGET = 17.2;
				LOCALIZATION_PREFERS_STRING_CATALOGS = YES;
				MTL_ENABLE_DEBUG_INFO = INCLUDE_SOURCE;
				MTL_FAST_MATH = YES;
				ONLY_ACTIVE_ARCH = YES;
				SDKROOT = iphoneos;
				SWIFT_ACTIVE_COMPILATION_CONDITIONS = "DEBUG $(inherited)";
				SWIFT_OPTIMIZATION_LEVEL = "-Onone";
			};
			name = Debug;
		};
		C698DB542B8A564800F427ED /* Release */ = {
			isa = XCBuildConfiguration;
			buildSettings = {
				ALWAYS_SEARCH_USER_PATHS = NO;
				ASSETCATALOG_COMPILER_GENERATE_SWIFT_ASSET_SYMBOL_EXTENSIONS = YES;
				CLANG_ANALYZER_NONNULL = YES;
				CLANG_ANALYZER_NUMBER_OBJECT_CONVERSION = YES_AGGRESSIVE;
				CLANG_CXX_LANGUAGE_STANDARD = "gnu++20";
				CLANG_ENABLE_MODULES = YES;
				CLANG_ENABLE_OBJC_ARC = YES;
				CLANG_ENABLE_OBJC_WEAK = YES;
				CLANG_WARN_BLOCK_CAPTURE_AUTORELEASING = YES;
				CLANG_WARN_BOOL_CONVERSION = YES;
				CLANG_WARN_COMMA = YES;
				CLANG_WARN_CONSTANT_CONVERSION = YES;
				CLANG_WARN_DEPRECATED_OBJC_IMPLEMENTATIONS = YES;
				CLANG_WARN_DIRECT_OBJC_ISA_USAGE = YES_ERROR;
				CLANG_WARN_DOCUMENTATION_COMMENTS = YES;
				CLANG_WARN_EMPTY_BODY = YES;
				CLANG_WARN_ENUM_CONVERSION = YES;
				CLANG_WARN_INFINITE_RECURSION = YES;
				CLANG_WARN_INT_CONVERSION = YES;
				CLANG_WARN_NON_LITERAL_NULL_CONVERSION = YES;
				CLANG_WARN_OBJC_IMPLICIT_RETAIN_SELF = YES;
				CLANG_WARN_OBJC_LITERAL_CONVERSION = YES;
				CLANG_WARN_OBJC_ROOT_CLASS = YES_ERROR;
				CLANG_WARN_QUOTED_INCLUDE_IN_FRAMEWORK_HEADER = YES;
				CLANG_WARN_RANGE_LOOP_ANALYSIS = YES;
				CLANG_WARN_STRICT_PROTOTYPES = YES;
				CLANG_WARN_SUSPICIOUS_MOVE = YES;
				CLANG_WARN_UNGUARDED_AVAILABILITY = YES_AGGRESSIVE;
				CLANG_WARN_UNREACHABLE_CODE = YES;
				CLANG_WARN__DUPLICATE_METHOD_MATCH = YES;
				COPY_PHASE_STRIP = NO;
				DEBUG_INFORMATION_FORMAT = "dwarf-with-dsym";
				ENABLE_NS_ASSERTIONS = NO;
				ENABLE_STRICT_OBJC_MSGSEND = YES;
				ENABLE_USER_SCRIPT_SANDBOXING = YES;
				GCC_C_LANGUAGE_STANDARD = gnu17;
				GCC_NO_COMMON_BLOCKS = YES;
				GCC_WARN_64_TO_32_BIT_CONVERSION = YES;
				GCC_WARN_ABOUT_RETURN_TYPE = YES_ERROR;
				GCC_WARN_UNDECLARED_SELECTOR = YES;
				GCC_WARN_UNINITIALIZED_AUTOS = YES_AGGRESSIVE;
				GCC_WARN_UNUSED_FUNCTION = YES;
				GCC_WARN_UNUSED_VARIABLE = YES;
				IPHONEOS_DEPLOYMENT_TARGET = 17.2;
				LOCALIZATION_PREFERS_STRING_CATALOGS = YES;
				MTL_ENABLE_DEBUG_INFO = NO;
				MTL_FAST_MATH = YES;
				SDKROOT = iphoneos;
				SWIFT_COMPILATION_MODE = wholemodule;
				VALIDATE_PRODUCT = YES;
			};
			name = Release;
		};
		C698DB562B8A564800F427ED /* Debug */ = {
			isa = XCBuildConfiguration;
			buildSettings = {
				ASSETCATALOG_COMPILER_APPICON_NAME = AppIcon;
				ASSETCATALOG_COMPILER_GLOBAL_ACCENT_COLOR_NAME = AccentColor;
				CODE_SIGN_STYLE = Automatic;
				CURRENT_PROJECT_VERSION = 1;
				DEVELOPMENT_TEAM = VNU8KKW4GG;
				GENERATE_INFOPLIST_FILE = YES;
				INFOPLIST_FILE = Lab3_PostListViewer/Info.plist;
				INFOPLIST_KEY_UIApplicationSupportsIndirectInputEvents = YES;
				INFOPLIST_KEY_UILaunchStoryboardName = LaunchScreen;
				INFOPLIST_KEY_UIMainStoryboardFile = Main;
				INFOPLIST_KEY_UISupportedInterfaceOrientations_iPad = "UIInterfaceOrientationPortrait UIInterfaceOrientationPortraitUpsideDown UIInterfaceOrientationLandscapeLeft UIInterfaceOrientationLandscapeRight";
				INFOPLIST_KEY_UISupportedInterfaceOrientations_iPhone = "UIInterfaceOrientationPortrait UIInterfaceOrientationLandscapeLeft UIInterfaceOrientationLandscapeRight";
				LD_RUNPATH_SEARCH_PATHS = (
					"$(inherited)",
					"@executable_path/Frameworks",
				);
				MARKETING_VERSION = 1.0;
				PRODUCT_BUNDLE_IDENTIFIER = "ua.edu.ukma.Prokofiev.Lab3-PostListViewer";
				PRODUCT_NAME = "$(TARGET_NAME)";
				SUPPORTED_PLATFORMS = "iphoneos iphonesimulator";
				SUPPORTS_MACCATALYST = NO;
				SUPPORTS_MAC_DESIGNED_FOR_IPHONE_IPAD = NO;
				SUPPORTS_XR_DESIGNED_FOR_IPHONE_IPAD = NO;
				SWIFT_EMIT_LOC_STRINGS = YES;
				SWIFT_VERSION = 5.0;
				TARGETED_DEVICE_FAMILY = 1;
			};
			name = Debug;
		};
		C698DB572B8A564800F427ED /* Release */ = {
			isa = XCBuildConfiguration;
			buildSettings = {
				ASSETCATALOG_COMPILER_APPICON_NAME = AppIcon;
				ASSETCATALOG_COMPILER_GLOBAL_ACCENT_COLOR_NAME = AccentColor;
				CODE_SIGN_STYLE = Automatic;
				CURRENT_PROJECT_VERSION = 1;
				DEVELOPMENT_TEAM = VNU8KKW4GG;
				GENERATE_INFOPLIST_FILE = YES;
				INFOPLIST_FILE = Lab3_PostListViewer/Info.plist;
				INFOPLIST_KEY_UIApplicationSupportsIndirectInputEvents = YES;
				INFOPLIST_KEY_UILaunchStoryboardName = LaunchScreen;
				INFOPLIST_KEY_UIMainStoryboardFile = Main;
				INFOPLIST_KEY_UISupportedInterfaceOrientations_iPad = "UIInterfaceOrientationPortrait UIInterfaceOrientationPortraitUpsideDown UIInterfaceOrientationLandscapeLeft UIInterfaceOrientationLandscapeRight";
				INFOPLIST_KEY_UISupportedInterfaceOrientations_iPhone = "UIInterfaceOrientationPortrait UIInterfaceOrientationLandscapeLeft UIInterfaceOrientationLandscapeRight";
				LD_RUNPATH_SEARCH_PATHS = (
					"$(inherited)",
					"@executable_path/Frameworks",
				);
				MARKETING_VERSION = 1.0;
				PRODUCT_BUNDLE_IDENTIFIER = "ua.edu.ukma.Prokofiev.Lab3-PostListViewer";
				PRODUCT_NAME = "$(TARGET_NAME)";
				SUPPORTED_PLATFORMS = "iphoneos iphonesimulator";
				SUPPORTS_MACCATALYST = NO;
				SUPPORTS_MAC_DESIGNED_FOR_IPHONE_IPAD = NO;
				SUPPORTS_XR_DESIGNED_FOR_IPHONE_IPAD = NO;
				SWIFT_EMIT_LOC_STRINGS = YES;
				SWIFT_VERSION = 5.0;
				TARGETED_DEVICE_FAMILY = 1;
			};
			name = Release;
		};
/* End XCBuildConfiguration section */

/* Begin XCConfigurationList section */
		C698DB3C2B8A564700F427ED /* Build configuration list for PBXProject "Lab3_PostListViewer" */ = {
			isa = XCConfigurationList;
			buildConfigurations = (
				C698DB532B8A564800F427ED /* Debug */,
				C698DB542B8A564800F427ED /* Release */,
			);
			defaultConfigurationIsVisible = 0;
			defaultConfigurationName = Release;
		};
		C698DB552B8A564800F427ED /* Build configuration list for PBXNativeTarget "Lab3_PostListViewer" */ = {
			isa = XCConfigurationList;
			buildConfigurations = (
				C698DB562B8A564800F427ED /* Debug */,
				C698DB572B8A564800F427ED /* Release */,
			);
			defaultConfigurationIsVisible = 0;
			defaultConfigurationName = Release;
		};
/* End XCConfigurationList section */

/* Begin XCRemoteSwiftPackageReference section */
		C62229E92B8BEDF20025AC99 /* XCRemoteSwiftPackageReference "SDWebImage" */ = {
			isa = XCRemoteSwiftPackageReference;
			repositoryURL = "https://github.com/SDWebImage/SDWebImage";
			requirement = {
				kind = upToNextMajorVersion;
				minimumVersion = 5.19.0;
			};
		};
/* End XCRemoteSwiftPackageReference section */

/* Begin XCSwiftPackageProductDependency section */
		C62229EA2B8BEDF20025AC99 /* SDWebImage */ = {
			isa = XCSwiftPackageProductDependency;
			package = C62229E92B8BEDF20025AC99 /* XCRemoteSwiftPackageReference "SDWebImage" */;
			productName = SDWebImage;
		};
		C62229EC2B8BEDF20025AC99 /* SDWebImageMapKit */ = {
			isa = XCSwiftPackageProductDependency;
			package = C62229E92B8BEDF20025AC99 /* XCRemoteSwiftPackageReference "SDWebImage" */;
			productName = SDWebImageMapKit;
		};
/* End XCSwiftPackageProductDependency section */
	};
	rootObject = C698DB392B8A564700F427ED /* Project object */;
}
